// !$*UTF8*$!
{
	archiveVersion = 1;
	classes = {
	};
	objectVersion = 46;
	objects = {

/* Begin PBXBuildFile section */
		1D1DDDF31F86581E000067A9 /* Januvia_Newspaper.jpg in Resources */ = {isa = PBXBuildFile; fileRef = 1D1DDDF21F86581E000067A9 /* Januvia_Newspaper.jpg */; };
		1D1DDDF51F865824000067A9 /* icon.png in Resources */ = {isa = PBXBuildFile; fileRef = 1D1DDDF41F865824000067A9 /* icon.png */; };
		1D1E4A501F712541009780A1 /* web-user.jpg in Resources */ = {isa = PBXBuildFile; fileRef = 1D1E4A4F1F712541009780A1 /* web-user.jpg */; };
		1D37883E1F6A87450074FF10 /* main.m in Sources */ = {isa = PBXBuildFile; fileRef = 1D37883D1F6A87450074FF10 /* main.m */; };
		1D3788411F6A87450074FF10 /* AppDelegate.m in Sources */ = {isa = PBXBuildFile; fileRef = 1D3788401F6A87450074FF10 /* AppDelegate.m */; };
		1D3788441F6A87450074FF10 /* ViewController.m in Sources */ = {isa = PBXBuildFile; fileRef = 1D3788431F6A87450074FF10 /* ViewController.m */; };
		1D3788471F6A87450074FF10 /* Main.storyboard in Resources */ = {isa = PBXBuildFile; fileRef = 1D3788451F6A87450074FF10 /* Main.storyboard */; };
		1D3788491F6A87450074FF10 /* Assets.xcassets in Resources */ = {isa = PBXBuildFile; fileRef = 1D3788481F6A87450074FF10 /* Assets.xcassets */; };
		1D37884C1F6A87450074FF10 /* LaunchScreen.storyboard in Resources */ = {isa = PBXBuildFile; fileRef = 1D37884A1F6A87450074FF10 /* LaunchScreen.storyboard */; };
		1D3788571F6A87450074FF10 /* Januvia_NewsPaperTests.m in Sources */ = {isa = PBXBuildFile; fileRef = 1D3788561F6A87450074FF10 /* Januvia_NewsPaperTests.m */; };
		1D3788621F6A87450074FF10 /* Januvia_NewsPaperUITests.m in Sources */ = {isa = PBXBuildFile; fileRef = 1D3788611F6A87450074FF10 /* Januvia_NewsPaperUITests.m */; };
		1D37887E1F6A88950074FF10 /* cam_blue.png in Resources */ = {isa = PBXBuildFile; fileRef = 1D3788761F6A88950074FF10 /* cam_blue.png */; };
		1D7AF1071F6BD18C008028DC /* newspaper.jpg in Resources */ = {isa = PBXBuildFile; fileRef = 1D7AF1061F6BD18C008028DC /* newspaper.jpg */; };
		1D8687151F6F9CFE001CA9A9 /* Januvia_Newspaper_old.jpg in Resources */ = {isa = PBXBuildFile; fileRef = 1D8687141F6F9CFE001CA9A9 /* Januvia_Newspaper_old.jpg */; };
/* End PBXBuildFile section */

/* Begin PBXContainerItemProxy section */
		1D3788531F6A87450074FF10 /* PBXContainerItemProxy */ = {
			isa = PBXContainerItemProxy;
			containerPortal = 1D3788311F6A87450074FF10 /* Project object */;
			proxyType = 1;
			remoteGlobalIDString = 1D3788381F6A87450074FF10;
			remoteInfo = "Januvia NewsPaper";
		};
		1D37885E1F6A87450074FF10 /* PBXContainerItemProxy */ = {
			isa = PBXContainerItemProxy;
			containerPortal = 1D3788311F6A87450074FF10 /* Project object */;
			proxyType = 1;
			remoteGlobalIDString = 1D3788381F6A87450074FF10;
			remoteInfo = "Januvia NewsPaper";
		};
/* End PBXContainerItemProxy section */

/* Begin PBXFileReference section */
		1D1DDDF21F86581E000067A9 /* Januvia_Newspaper.jpg */ = {isa = PBXFileReference; lastKnownFileType = image.jpeg; path = Januvia_Newspaper.jpg; sourceTree = "<group>"; };
		1D1DDDF41F865824000067A9 /* icon.png */ = {isa = PBXFileReference; lastKnownFileType = image.png; name = icon.png; path = ../../icon.png; sourceTree = "<group>"; };
		1D1E4A4F1F712541009780A1 /* web-user.jpg */ = {isa = PBXFileReference; lastKnownFileType = image.jpeg; path = "web-user.jpg"; sourceTree = "<group>"; };
		1D3788391F6A87450074FF10 /* Januvia NewsPaper.app */ = {isa = PBXFileReference; explicitFileType = wrapper.application; includeInIndex = 0; path = "Januvia NewsPaper.app"; sourceTree = BUILT_PRODUCTS_DIR; };
		1D37883D1F6A87450074FF10 /* main.m */ = {isa = PBXFileReference; lastKnownFileType = sourcecode.c.objc; path = main.m; sourceTree = "<group>"; };
		1D37883F1F6A87450074FF10 /* AppDelegate.h */ = {isa = PBXFileReference; lastKnownFileType = sourcecode.c.h; path = AppDelegate.h; sourceTree = "<group>"; };
		1D3788401F6A87450074FF10 /* AppDelegate.m */ = {isa = PBXFileReference; lastKnownFileType = sourcecode.c.objc; path = AppDelegate.m; sourceTree = "<group>"; };
		1D3788421F6A87450074FF10 /* ViewController.h */ = {isa = PBXFileReference; lastKnownFileType = sourcecode.c.h; path = ViewController.h; sourceTree = "<group>"; };
		1D3788431F6A87450074FF10 /* ViewController.m */ = {isa = PBXFileReference; lastKnownFileType = sourcecode.c.objc; path = ViewController.m; sourceTree = "<group>"; };
		1D3788461F6A87450074FF10 /* Base */ = {isa = PBXFileReference; lastKnownFileType = file.storyboard; name = Base; path = Base.lproj/Main.storyboard; sourceTree = "<group>"; };
		1D3788481F6A87450074FF10 /* Assets.xcassets */ = {isa = PBXFileReference; lastKnownFileType = folder.assetcatalog; path = Assets.xcassets; sourceTree = "<group>"; };
		1D37884B1F6A87450074FF10 /* Base */ = {isa = PBXFileReference; lastKnownFileType = file.storyboard; name = Base; path = Base.lproj/LaunchScreen.storyboard; sourceTree = "<group>"; };
		1D37884D1F6A87450074FF10 /* Info.plist */ = {isa = PBXFileReference; lastKnownFileType = text.plist.xml; path = Info.plist; sourceTree = "<group>"; };
		1D3788521F6A87450074FF10 /* Januvia NewsPaperTests.xctest */ = {isa = PBXFileReference; explicitFileType = wrapper.cfbundle; includeInIndex = 0; path = "Januvia NewsPaperTests.xctest"; sourceTree = BUILT_PRODUCTS_DIR; };
		1D3788561F6A87450074FF10 /* Januvia_NewsPaperTests.m */ = {isa = PBXFileReference; lastKnownFileType = sourcecode.c.objc; path = Januvia_NewsPaperTests.m; sourceTree = "<group>"; };
		1D3788581F6A87450074FF10 /* Info.plist */ = {isa = PBXFileReference; lastKnownFileType = text.plist.xml; path = Info.plist; sourceTree = "<group>"; };
		1D37885D1F6A87450074FF10 /* Januvia NewsPaperUITests.xctest */ = {isa = PBXFileReference; explicitFileType = wrapper.cfbundle; includeInIndex = 0; path = "Januvia NewsPaperUITests.xctest"; sourceTree = BUILT_PRODUCTS_DIR; };
		1D3788611F6A87450074FF10 /* Januvia_NewsPaperUITests.m */ = {isa = PBXFileReference; lastKnownFileType = sourcecode.c.objc; path = Januvia_NewsPaperUITests.m; sourceTree = "<group>"; };
		1D3788631F6A87450074FF10 /* Info.plist */ = {isa = PBXFileReference; lastKnownFileType = text.plist.xml; path = Info.plist; sourceTree = "<group>"; };
		1D3788761F6A88950074FF10 /* cam_blue.png */ = {isa = PBXFileReference; lastKnownFileType = image.png; path = cam_blue.png; sourceTree = "<group>"; };
		1D7AF1061F6BD18C008028DC /* newspaper.jpg */ = {isa = PBXFileReference; lastKnownFileType = image.jpeg; path = newspaper.jpg; sourceTree = "<group>"; };
		1D8687141F6F9CFE001CA9A9 /* Januvia_Newspaper_old.jpg */ = {isa = PBXFileReference; lastKnownFileType = image.jpeg; path = Januvia_Newspaper_old.jpg; sourceTree = "<group>"; };
/* End PBXFileReference section */

/* Begin PBXFrameworksBuildPhase section */
		1D3788361F6A87450074FF10 /* Frameworks */ = {
			isa = PBXFrameworksBuildPhase;
			buildActionMask = 2147483647;
			files = (
			);
			runOnlyForDeploymentPostprocessing = 0;
		};
		1D37884F1F6A87450074FF10 /* Frameworks */ = {
			isa = PBXFrameworksBuildPhase;
			buildActionMask = 2147483647;
			files = (
			);
			runOnlyForDeploymentPostprocessing = 0;
		};
		1D37885A1F6A87450074FF10 /* Frameworks */ = {
			isa = PBXFrameworksBuildPhase;
			buildActionMask = 2147483647;
			files = (
			);
			runOnlyForDeploymentPostprocessing = 0;
		};
/* End PBXFrameworksBuildPhase section */

/* Begin PBXGroup section */
		1D3788301F6A87450074FF10 = {
			isa = PBXGroup;
			children = (
				1D37883B1F6A87450074FF10 /* Januvia NewsPaper */,
				1D3788551F6A87450074FF10 /* Januvia NewsPaperTests */,
				1D3788601F6A87450074FF10 /* Januvia NewsPaperUITests */,
				1D37883A1F6A87450074FF10 /* Products */,
			);
			sourceTree = "<group>";
		};
		1D37883A1F6A87450074FF10 /* Products */ = {
			isa = PBXGroup;
			children = (
				1D3788391F6A87450074FF10 /* Januvia NewsPaper.app */,
				1D3788521F6A87450074FF10 /* Januvia NewsPaperTests.xctest */,
				1D37885D1F6A87450074FF10 /* Januvia NewsPaperUITests.xctest */,
			);
			name = Products;
			sourceTree = "<group>";
		};
		1D37883B1F6A87450074FF10 /* Januvia NewsPaper */ = {
			isa = PBXGroup;
			children = (
				1D3788711F6A88950074FF10 /* images */,
				1D37883F1F6A87450074FF10 /* AppDelegate.h */,
				1D3788401F6A87450074FF10 /* AppDelegate.m */,
				1D3788421F6A87450074FF10 /* ViewController.h */,
				1D3788431F6A87450074FF10 /* ViewController.m */,
				1D3788451F6A87450074FF10 /* Main.storyboard */,
				1D3788481F6A87450074FF10 /* Assets.xcassets */,
				1D37884A1F6A87450074FF10 /* LaunchScreen.storyboard */,
				1D37884D1F6A87450074FF10 /* Info.plist */,
				1D37883C1F6A87450074FF10 /* Supporting Files */,
			);
			path = "Januvia NewsPaper";
			sourceTree = "<group>";
		};
		1D37883C1F6A87450074FF10 /* Supporting Files */ = {
			isa = PBXGroup;
			children = (
				1D37883D1F6A87450074FF10 /* main.m */,
			);
			name = "Supporting Files";
			sourceTree = "<group>";
		};
		1D3788551F6A87450074FF10 /* Januvia NewsPaperTests */ = {
			isa = PBXGroup;
			children = (
				1D3788561F6A87450074FF10 /* Januvia_NewsPaperTests.m */,
				1D3788581F6A87450074FF10 /* Info.plist */,
			);
			path = "Januvia NewsPaperTests";
			sourceTree = "<group>";
		};
		1D3788601F6A87450074FF10 /* Januvia NewsPaperUITests */ = {
			isa = PBXGroup;
			children = (
				1D3788611F6A87450074FF10 /* Januvia_NewsPaperUITests.m */,
				1D3788631F6A87450074FF10 /* Info.plist */,
			);
			path = "Januvia NewsPaperUITests";
			sourceTree = "<group>";
		};
		1D3788711F6A88950074FF10 /* images */ = {
			isa = PBXGroup;
			children = (
				1D1DDDF41F865824000067A9 /* icon.png */,
				1D1DDDF21F86581E000067A9 /* Januvia_Newspaper.jpg */,
				1D1E4A4F1F712541009780A1 /* web-user.jpg */,
				1D8687141F6F9CFE001CA9A9 /* Januvia_Newspaper_old.jpg */,
				1D7AF1061F6BD18C008028DC /* newspaper.jpg */,
				1D3788761F6A88950074FF10 /* cam_blue.png */,
			);
			path = images;
			sourceTree = "<group>";
		};
/* End PBXGroup section */

/* Begin PBXNativeTarget section */
		1D3788381F6A87450074FF10 /* Januvia NewsPaper */ = {
			isa = PBXNativeTarget;
			buildConfigurationList = 1D3788661F6A87450074FF10 /* Build configuration list for PBXNativeTarget "Januvia NewsPaper" */;
			buildPhases = (
				1D3788351F6A87450074FF10 /* Sources */,
				1D3788361F6A87450074FF10 /* Frameworks */,
				1D3788371F6A87450074FF10 /* Resources */,
			);
			buildRules = (
			);
			dependencies = (
			);
			name = "Januvia NewsPaper";
			productName = "Januvia NewsPaper";
			productReference = 1D3788391F6A87450074FF10 /* Januvia NewsPaper.app */;
			productType = "com.apple.product-type.application";
		};
		1D3788511F6A87450074FF10 /* Januvia NewsPaperTests */ = {
			isa = PBXNativeTarget;
			buildConfigurationList = 1D3788691F6A87450074FF10 /* Build configuration list for PBXNativeTarget "Januvia NewsPaperTests" */;
			buildPhases = (
				1D37884E1F6A87450074FF10 /* Sources */,
				1D37884F1F6A87450074FF10 /* Frameworks */,
				1D3788501F6A87450074FF10 /* Resources */,
			);
			buildRules = (
			);
			dependencies = (
				1D3788541F6A87450074FF10 /* PBXTargetDependency */,
			);
			name = "Januvia NewsPaperTests";
			productName = "Januvia NewsPaperTests";
			productReference = 1D3788521F6A87450074FF10 /* Januvia NewsPaperTests.xctest */;
			productType = "com.apple.product-type.bundle.unit-test";
		};
		1D37885C1F6A87450074FF10 /* Januvia NewsPaperUITests */ = {
			isa = PBXNativeTarget;
			buildConfigurationList = 1D37886C1F6A87450074FF10 /* Build configuration list for PBXNativeTarget "Januvia NewsPaperUITests" */;
			buildPhases = (
				1D3788591F6A87450074FF10 /* Sources */,
				1D37885A1F6A87450074FF10 /* Frameworks */,
				1D37885B1F6A87450074FF10 /* Resources */,
			);
			buildRules = (
			);
			dependencies = (
				1D37885F1F6A87450074FF10 /* PBXTargetDependency */,
			);
			name = "Januvia NewsPaperUITests";
			productName = "Januvia NewsPaperUITests";
			productReference = 1D37885D1F6A87450074FF10 /* Januvia NewsPaperUITests.xctest */;
			productType = "com.apple.product-type.bundle.ui-testing";
		};
/* End PBXNativeTarget section */

/* Begin PBXProject section */
		1D3788311F6A87450074FF10 /* Project object */ = {
			isa = PBXProject;
			attributes = {
				LastUpgradeCheck = 0830;
				ORGANIZATIONNAME = vikas;
				TargetAttributes = {
					1D3788381F6A87450074FF10 = {
						CreatedOnToolsVersion = 8.3.3;
						DevelopmentTeam = MDD58JY298;
						ProvisioningStyle = Automatic;
					};
					1D3788511F6A87450074FF10 = {
						CreatedOnToolsVersion = 8.3.3;
						DevelopmentTeam = MDD58JY298;
						ProvisioningStyle = Automatic;
						TestTargetID = 1D3788381F6A87450074FF10;
					};
					1D37885C1F6A87450074FF10 = {
						CreatedOnToolsVersion = 8.3.3;
						DevelopmentTeam = MDD58JY298;
						ProvisioningStyle = Automatic;
						TestTargetID = 1D3788381F6A87450074FF10;
					};
				};
			};
			buildConfigurationList = 1D3788341F6A87450074FF10 /* Build configuration list for PBXProject "Januvia NewsPaper" */;
			compatibilityVersion = "Xcode 3.2";
			developmentRegion = English;
			hasScannedForEncodings = 0;
			knownRegions = (
				en,
				Base,
			);
			mainGroup = 1D3788301F6A87450074FF10;
			productRefGroup = 1D37883A1F6A87450074FF10 /* Products */;
			projectDirPath = "";
			projectRoot = "";
			targets = (
				1D3788381F6A87450074FF10 /* Januvia NewsPaper */,
				1D3788511F6A87450074FF10 /* Januvia NewsPaperTests */,
				1D37885C1F6A87450074FF10 /* Januvia NewsPaperUITests */,
			);
		};
/* End PBXProject section */

/* Begin PBXResourcesBuildPhase section */
		1D3788371F6A87450074FF10 /* Resources */ = {
			isa = PBXResourcesBuildPhase;
			buildActionMask = 2147483647;
			files = (
				1D37884C1F6A87450074FF10 /* LaunchScreen.storyboard in Resources */,
				1D3788491F6A87450074FF10 /* Assets.xcassets in Resources */,
				1D1DDDF51F865824000067A9 /* icon.png in Resources */,
				1D1E4A501F712541009780A1 /* web-user.jpg in Resources */,
				1D7AF1071F6BD18C008028DC /* newspaper.jpg in Resources */,
				1D8687151F6F9CFE001CA9A9 /* Januvia_Newspaper_old.jpg in Resources */,
				1D3788471F6A87450074FF10 /* Main.storyboard in Resources */,
				1D1DDDF31F86581E000067A9 /* Januvia_Newspaper.jpg in Resources */,
				1D37887E1F6A88950074FF10 /* cam_blue.png in Resources */,
			);
			runOnlyForDeploymentPostprocessing = 0;
		};
		1D3788501F6A87450074FF10 /* Resources */ = {
			isa = PBXResourcesBuildPhase;
			buildActionMask = 2147483647;
			files = (
			);
			runOnlyForDeploymentPostprocessing = 0;
		};
		1D37885B1F6A87450074FF10 /* Resources */ = {
			isa = PBXResourcesBuildPhase;
			buildActionMask = 2147483647;
			files = (
			);
			runOnlyForDeploymentPostprocessing = 0;
		};
/* End PBXResourcesBuildPhase section */

/* Begin PBXSourcesBuildPhase section */
		1D3788351F6A87450074FF10 /* Sources */ = {
			isa = PBXSourcesBuildPhase;
			buildActionMask = 2147483647;
			files = (
				1D3788441F6A87450074FF10 /* ViewController.m in Sources */,
				1D3788411F6A87450074FF10 /* AppDelegate.m in Sources */,
				1D37883E1F6A87450074FF10 /* main.m in Sources */,
			);
			runOnlyForDeploymentPostprocessing = 0;
		};
		1D37884E1F6A87450074FF10 /* Sources */ = {
			isa = PBXSourcesBuildPhase;
			buildActionMask = 2147483647;
			files = (
				1D3788571F6A87450074FF10 /* Januvia_NewsPaperTests.m in Sources */,
			);
			runOnlyForDeploymentPostprocessing = 0;
		};
		1D3788591F6A87450074FF10 /* Sources */ = {
			isa = PBXSourcesBuildPhase;
			buildActionMask = 2147483647;
			files = (
				1D3788621F6A87450074FF10 /* Januvia_NewsPaperUITests.m in Sources */,
			);
			runOnlyForDeploymentPostprocessing = 0;
		};
/* End PBXSourcesBuildPhase section */

/* Begin PBXTargetDependency section */
		1D3788541F6A87450074FF10 /* PBXTargetDependency */ = {
			isa = PBXTargetDependency;
			target = 1D3788381F6A87450074FF10 /* Januvia NewsPaper */;
			targetProxy = 1D3788531F6A87450074FF10 /* PBXContainerItemProxy */;
		};
		1D37885F1F6A87450074FF10 /* PBXTargetDependency */ = {
			isa = PBXTargetDependency;
			target = 1D3788381F6A87450074FF10 /* Januvia NewsPaper */;
			targetProxy = 1D37885E1F6A87450074FF10 /* PBXContainerItemProxy */;
		};
/* End PBXTargetDependency section */

/* Begin PBXVariantGroup section */
		1D3788451F6A87450074FF10 /* Main.storyboard */ = {
			isa = PBXVariantGroup;
			children = (
				1D3788461F6A87450074FF10 /* Base */,
			);
			name = Main.storyboard;
			sourceTree = "<group>";
		};
		1D37884A1F6A87450074FF10 /* LaunchScreen.storyboard */ = {
			isa = PBXVariantGroup;
			children = (
				1D37884B1F6A87450074FF10 /* Base */,
			);
			name = LaunchScreen.storyboard;
			sourceTree = "<group>";
		};
/* End PBXVariantGroup section */

/* Begin XCBuildConfiguration section */
		1D3788641F6A87450074FF10 /* Debug */ = {
			isa = XCBuildConfiguration;
			buildSettings = {
				ALWAYS_SEARCH_USER_PATHS = NO;
				CLANG_ANALYZER_NONNULL = YES;
				CLANG_ANALYZER_NUMBER_OBJECT_CONVERSION = YES_AGGRESSIVE;
				CLANG_CXX_LANGUAGE_STANDARD = "gnu++0x";
				CLANG_CXX_LIBRARY = "libc++";
				CLANG_ENABLE_MODULES = YES;
				CLANG_ENABLE_OBJC_ARC = YES;
				CLANG_WARN_BOOL_CONVERSION = YES;
				CLANG_WARN_CONSTANT_CONVERSION = YES;
				CLANG_WARN_DIRECT_OBJC_ISA_USAGE = YES_ERROR;
				CLANG_WARN_DOCUMENTATION_COMMENTS = YES;
				CLANG_WARN_EMPTY_BODY = YES;
				CLANG_WARN_ENUM_CONVERSION = YES;
				CLANG_WARN_INFINITE_RECURSION = YES;
				CLANG_WARN_INT_CONVERSION = YES;
				CLANG_WARN_OBJC_ROOT_CLASS = YES_ERROR;
				CLANG_WARN_SUSPICIOUS_MOVE = YES;
				CLANG_WARN_UNREACHABLE_CODE = YES;
				CLANG_WARN__DUPLICATE_METHOD_MATCH = YES;
				"CODE_SIGN_IDENTITY[sdk=iphoneos*]" = "iPhone Developer";
				COPY_PHASE_STRIP = NO;
				DEBUG_INFORMATION_FORMAT = dwarf;
				ENABLE_STRICT_OBJC_MSGSEND = YES;
				ENABLE_TESTABILITY = YES;
				GCC_C_LANGUAGE_STANDARD = gnu99;
				GCC_DYNAMIC_NO_PIC = NO;
				GCC_NO_COMMON_BLOCKS = YES;
				GCC_OPTIMIZATION_LEVEL = 0;
				GCC_PREPROCESSOR_DEFINITIONS = (
					"DEBUG=1",
					"$(inherited)",
				);
				GCC_WARN_64_TO_32_BIT_CONVERSION = YES;
				GCC_WARN_ABOUT_RETURN_TYPE = YES_ERROR;
				GCC_WARN_UNDECLARED_SELECTOR = YES;
				GCC_WARN_UNINITIALIZED_AUTOS = YES_AGGRESSIVE;
				GCC_WARN_UNUSED_FUNCTION = YES;
				GCC_WARN_UNUSED_VARIABLE = YES;
				IPHONEOS_DEPLOYMENT_TARGET = 10.3;
				MTL_ENABLE_DEBUG_INFO = YES;
				ONLY_ACTIVE_ARCH = YES;
				SDKROOT = iphoneos;
				TARGETED_DEVICE_FAMILY = "1,2";
			};
			name = Debug;
		};
		1D3788651F6A87450074FF10 /* Release */ = {
			isa = XCBuildConfiguration;
			buildSettings = {
				ALWAYS_SEARCH_USER_PATHS = NO;
				CLANG_ANALYZER_NONNULL = YES;
				CLANG_ANALYZER_NUMBER_OBJECT_CONVERSION = YES_AGGRESSIVE;
				CLANG_CXX_LANGUAGE_STANDARD = "gnu++0x";
				CLANG_CXX_LIBRARY = "libc++";
				CLANG_ENABLE_MODULES = YES;
				CLANG_ENABLE_OBJC_ARC = YES;
				CLANG_WARN_BOOL_CONVERSION = YES;
				CLANG_WARN_CONSTANT_CONVERSION = YES;
				CLANG_WARN_DIRECT_OBJC_ISA_USAGE = YES_ERROR;
				CLANG_WARN_DOCUMENTATION_COMMENTS = YES;
				CLANG_WARN_EMPTY_BODY = YES;
				CLANG_WARN_ENUM_CONVERSION = YES;
				CLANG_WARN_INFINITE_RECURSION = YES;
				CLANG_WARN_INT_CONVERSION = YES;
				CLANG_WARN_OBJC_ROOT_CLASS = YES_ERROR;
				CLANG_WARN_SUSPICIOUS_MOVE = YES;
				CLANG_WARN_UNREACHABLE_CODE = YES;
				CLANG_WARN__DUPLICATE_METHOD_MATCH = YES;
				"CODE_SIGN_IDENTITY[sdk=iphoneos*]" = "iPhone Developer";
				COPY_PHASE_STRIP = NO;
				DEBUG_INFORMATION_FORMAT = "dwarf-with-dsym";
				ENABLE_NS_ASSERTIONS = NO;
				ENABLE_STRICT_OBJC_MSGSEND = YES;
				GCC_C_LANGUAGE_STANDARD = gnu99;
				GCC_NO_COMMON_BLOCKS = YES;
				GCC_WARN_64_TO_32_BIT_CONVERSION = YES;
				GCC_WARN_ABOUT_RETURN_TYPE = YES_ERROR;
				GCC_WARN_UNDECLARED_SELECTOR = YES;
				GCC_WARN_UNINITIALIZED_AUTOS = YES_AGGRESSIVE;
				GCC_WARN_UNUSED_FUNCTION = YES;
				GCC_WARN_UNUSED_VARIABLE = YES;
				IPHONEOS_DEPLOYMENT_TARGET = 10.3;
				MTL_ENABLE_DEBUG_INFO = NO;
				SDKROOT = iphoneos;
				TARGETED_DEVICE_FAMILY = "1,2";
				VALIDATE_PRODUCT = YES;
			};
			name = Release;
		};
		1D3788671F6A87450074FF10 /* Debug */ = {
			isa = XCBuildConfiguration;
			buildSettings = {
				ASSETCATALOG_COMPILER_APPICON_NAME = AppIcon;
				DEVELOPMENT_TEAM = MDD58JY298;
				INFOPLIST_FILE = "Januvia NewsPaper/Info.plist";
				IPHONEOS_DEPLOYMENT_TARGET = 8.0;
				LD_RUNPATH_SEARCH_PATHS = "$(inherited) @executable_path/Frameworks";
				PRODUCT_BUNDLE_IDENTIFIER = "com.artiligence.Januvia-NewsPaper";
				PRODUCT_NAME = "$(TARGET_NAME)";
			};
			name = Debug;
		};
		1D3788681F6A87450074FF10 /* Release */ = {
			isa = XCBuildConfiguration;
			buildSettings = {
				ASSETCATALOG_COMPILER_APPICON_NAME = AppIcon;
				DEVELOPMENT_TEAM = MDD58JY298;
				INFOPLIST_FILE = "Januvia NewsPaper/Info.plist";
				IPHONEOS_DEPLOYMENT_TARGET = 8.0;
				LD_RUNPATH_SEARCH_PATHS = "$(inherited) @executable_path/Frameworks";
				PRODUCT_BUNDLE_IDENTIFIER = "com.artiligence.Januvia-NewsPaper";
				PRODUCT_NAME = "$(TARGET_NAME)";
			};
			name = Release;
		};
		1D37886A1F6A87450074FF10 /* Debug */ = {
			isa = XCBuildConfiguration;
			buildSettings = {
				BUNDLE_LOADER = "$(TEST_HOST)";
				DEVELOPMENT_TEAM = MDD58JY298;
				INFOPLIST_FILE = "Januvia NewsPaperTests/Info.plist";
				LD_RUNPATH_SEARCH_PATHS = "$(inherited) @executable_path/Frameworks @loader_path/Frameworks";
				PRODUCT_BUNDLE_IDENTIFIER = "com.artiligence.Januvia-NewsPaperTests";
				PRODUCT_NAME = "$(TARGET_NAME)";
				TEST_HOST = "$(BUILT_PRODUCTS_DIR)/Januvia NewsPaper.app/Januvia NewsPaper";
			};
			name = Debug;
		};
		1D37886B1F6A87450074FF10 /* Release */ = {
			isa = XCBuildConfiguration;
			buildSettings = {
				BUNDLE_LOADER = "$(TEST_HOST)";
				DEVELOPMENT_TEAM = MDD58JY298;
				INFOPLIST_FILE = "Januvia NewsPaperTests/Info.plist";
				LD_RUNPATH_SEARCH_PATHS = "$(inherited) @executable_path/Frameworks @loader_path/Frameworks";
				PRODUCT_BUNDLE_IDENTIFIER = "com.artiligence.Januvia-NewsPaperTests";
				PRODUCT_NAME = "$(TARGET_NAME)";
				TEST_HOST = "$(BUILT_PRODUCTS_DIR)/Januvia NewsPaper.app/Januvia NewsPaper";
			};
			name = Release;
		};
		1D37886D1F6A87450074FF10 /* Debug */ = {
			isa = XCBuildConfiguration;
			buildSettings = {
				DEVELOPMENT_TEAM = MDD58JY298;
				INFOPLIST_FILE = "Januvia NewsPaperUITests/Info.plist";
				LD_RUNPATH_SEARCH_PATHS = "$(inherited) @executable_path/Frameworks @loader_path/Frameworks";
				PRODUCT_BUNDLE_IDENTIFIER = "com.artiligence.Januvia-NewsPaperUITests";
				PRODUCT_NAME = "$(TARGET_NAME)";
				TEST_TARGET_NAME = "Januvia NewsPaper";
			};
			name = Debug;
		};
		1D37886E1F6A87450074FF10 /* Release */ = {
			isa = XCBuildConfiguration;
			buildSettings = {
				DEVELOPMENT_TEAM = MDD58JY298;
				INFOPLIST_FILE = "Januvia NewsPaperUITests/Info.plist";
				LD_RUNPATH_SEARCH_PATHS = "$(inherited) @executable_path/Frameworks @loader_path/Frameworks";
				PRODUCT_BUNDLE_IDENTIFIER = "com.artiligence.Januvia-NewsPaperUITests";
				PRODUCT_NAME = "$(TARGET_NAME)";
				TEST_TARGET_NAME = "Januvia NewsPaper";
			};
			name = Release;
		};
/* End XCBuildConfiguration section */

/* Begin XCConfigurationList section */
		1D3788341F6A87450074FF10 /* Build configuration list for PBXProject "Januvia NewsPaper" */ = {
			isa = XCConfigurationList;
			buildConfigurations = (
				1D3788641F6A87450074FF10 /* Debug */,
				1D3788651F6A87450074FF10 /* Release */,
			);
			defaultConfigurationIsVisible = 0;
			defaultConfigurationName = Release;
		};
		1D3788661F6A87450074FF10 /* Build configuration list for PBXNativeTarget "Januvia NewsPaper" */ = {
			isa = XCConfigurationList;
			buildConfigurations = (
				1D3788671F6A87450074FF10 /* Debug */,
				1D3788681F6A87450074FF10 /* Release */,
			);
			defaultConfigurationIsVisible = 0;
			defaultConfigurationName = Release;
		};
		1D3788691F6A87450074FF10 /* Build configuration list for PBXNativeTarget "Januvia NewsPaperTests" */ = {
			isa = XCConfigurationList;
			buildConfigurations = (
				1D37886A1F6A87450074FF10 /* Debug */,
				1D37886B1F6A87450074FF10 /* Release */,
			);
			defaultConfigurationIsVisible = 0;
			defaultConfigurationName = Release;
		};
		1D37886C1F6A87450074FF10 /* Build configuration list for PBXNativeTarget "Januvia NewsPaperUITests" */ = {
			isa = XCConfigurationList;
			buildConfigurations = (
				1D37886D1F6A87450074FF10 /* Debug */,
				1D37886E1F6A87450074FF10 /* Release */,
			);
			defaultConfigurationIsVisible = 0;
			defaultConfigurationName = Release;
		};
/* End XCConfigurationList section */
	};
	rootObject = 1D3788311F6A87450074FF10 /* Project object */;
}
